
Microsoft Visual Studio Solution File, Format Version 12.00
# Visual Studio Version 16
VisualStudioVersion = 16.0.28803.156
MinimumVisualStudioVersion = 10.0.40219.1
Project("{FAE04EC0-301F-11D3-BF4B-00C04F79EFBC}") = "WebCore", "WebCore\WebCore.csproj", "{202FDAE9-FE8E-4A85-87F0-B53DA14EFFD6}"
EndProject
Global
	GlobalSection(SolutionConfigurationPlatforms) = preSolution
		Debug|Any CPU = Debug|Any CPU
		Release|Any CPU = Release|Any CPU
	EndGlobalSection
	GlobalSection(ProjectConfigurationPlatforms) = postSolution
		{202FDAE9-FE8E-4A85-87F0-B53DA14EFFD6}.Debug|Any CPU.ActiveCfg = Debug|Any CPU
		{202FDAE9-FE8E-4A85-87F0-B53DA14EFFD6}.Debug|Any CPU.Build.0 = Debug|Any CPU
		{202FDAE9-FE8E-4A85-87F0-B53DA14EFFD6}.Release|Any CPU.ActiveCfg = Release|Any CPU
		{202FDAE9-FE8E-4A85-87F0-B53DA14EFFD6}.Release|Any CPU.Build.0 = Release|Any CPU
	EndGlobalSection
	GlobalSection(SolutionProperties) = preSolution
		HideSolutionNode = FALSE
	EndGlobalSection
	GlobalSection(ExtensibilityGlobals) = postSolution
		SolutionGuid = {54C0010B-545F-49FE-B24E-9B9EBCEC2223}
	EndGlobalSection
EndGlobal
